
Microsoft Visual Studio Solution File, Format Version 12.00
# Visual Studio Version 17
VisualStudioVersion = 17.0.31903.59
MinimumVisualStudioVersion = 10.0.40219.1
Project("{2150E333-8FDC-42A3-9474-1A3956D46DE8}") = "Services", "Services", "{984BB9B3-3FA3-BE33-9484-CAC21695A33C}"
EndProject
Project("{FAE04EC0-301F-11D3-BF4B-00C04F79EFBC}") = "JF.OrdemServico.API", "src\Services\JF.OrdemServico.API\JF.OrdemServico.API.csproj", "{816F6324-3311-4BEE-8365-642F448CC2ED}"
EndProject
Project("{FAE04EC0-301F-11D3-BF4B-00C04F79EFBC}") = "JF.OrdemServico.Worker", "src\Services\JF.OrdemServico.Worker\JF.OrdemServico.Worker.csproj", "{DFF28B0B-1727-4DA0-9DD7-BE644D879B45}"
EndProject
Project("{2150E333-8FDC-42A3-9474-1A3956D46DE8}") = "Application", "Application", "{22BAF98C-8415-17C4-B26A-D537657BC863}"
EndProject
Project("{FAE04EC0-301F-11D3-BF4B-00C04F79EFBC}") = "JF.OrdemServico.Application", "src\Application\JF.OrdemServico.Application\JF.OrdemServico.Application.csproj", "{B9ED2204-98E7-4793-A701-53FC56045DB7}"
EndProject
Project("{2150E333-8FDC-42A3-9474-1A3956D46DE8}") = "Domain", "Domain", "{8B290487-4C16-E85E-E807-F579CBE9FC4D}"
EndProject
Project("{FAE04EC0-301F-11D3-BF4B-00C04F79EFBC}") = "JF.OrdemServico.Domain", "src\Domain\JF.OrdemServico.Domain\JF.OrdemServico.Domain.csproj", "{B61462E9-795C-41D4-91E2-0ABB841F8AD6}"
EndProject
Project("{2150E333-8FDC-42A3-9474-1A3956D46DE8}") = "Infra", "Infra", "{15879CB8-7A3F-14CE-5390-BDD4BAA5791B}"
EndProject
Project("{FAE04EC0-301F-11D3-BF4B-00C04F79EFBC}") = "JF.OrdemServico.Infra", "src\Infra\JF.OrdemServico.Infrastructure\JF.OrdemServico.Infra.csproj", "{98BB4BFC-CF2B-42FD-A738-F609B79BF84E}"
EndProject
Global
	GlobalSection(SolutionConfigurationPlatforms) = preSolution
		Debug|Any CPU = Debug|Any CPU
		Debug|x64 = Debug|x64
		Debug|x86 = Debug|x86
		Release|Any CPU = Release|Any CPU
		Release|x64 = Release|x64
		Release|x86 = Release|x86
	EndGlobalSection
	GlobalSection(ProjectConfigurationPlatforms) = postSolution
		{816F6324-3311-4BEE-8365-642F448CC2ED}.Debug|Any CPU.ActiveCfg = Debug|Any CPU
		{816F6324-3311-4BEE-8365-642F448CC2ED}.Debug|Any CPU.Build.0 = Debug|Any CPU
		{816F6324-3311-4BEE-8365-642F448CC2ED}.Debug|x64.ActiveCfg = Debug|Any CPU
		{816F6324-3311-4BEE-8365-642F448CC2ED}.Debug|x64.Build.0 = Debug|Any CPU
		{816F6324-3311-4BEE-8365-642F448CC2ED}.Debug|x86.ActiveCfg = Debug|Any CPU
		{816F6324-3311-4BEE-8365-642F448CC2ED}.Debug|x86.Build.0 = Debug|Any CPU
		{816F6324-3311-4BEE-8365-642F448CC2ED}.Release|Any CPU.ActiveCfg = Release|Any CPU
		{816F6324-3311-4BEE-8365-642F448CC2ED}.Release|Any CPU.Build.0 = Release|Any CPU
		{816F6324-3311-4BEE-8365-642F448CC2ED}.Release|x64.ActiveCfg = Release|Any CPU
		{816F6324-3311-4BEE-8365-642F448CC2ED}.Release|x64.Build.0 = Release|Any CPU
		{816F6324-3311-4BEE-8365-642F448CC2ED}.Release|x86.ActiveCfg = Release|Any CPU
		{816F6324-3311-4BEE-8365-642F448CC2ED}.Release|x86.Build.0 = Release|Any CPU
		{DFF28B0B-1727-4DA0-9DD7-BE644D879B45}.Debug|Any CPU.ActiveCfg = Debug|Any CPU
		{DFF28B0B-1727-4DA0-9DD7-BE644D879B45}.Debug|Any CPU.Build.0 = Debug|Any CPU
		{DFF28B0B-1727-4DA0-9DD7-BE644D879B45}.Debug|x64.ActiveCfg = Debug|Any CPU
		{DFF28B0B-1727-4DA0-9DD7-BE644D879B45}.Debug|x64.Build.0 = Debug|Any CPU
		{DFF28B0B-1727-4DA0-9DD7-BE644D879B45}.Debug|x86.ActiveCfg = Debug|Any CPU
		{DFF28B0B-1727-4DA0-9DD7-BE644D879B45}.Debug|x86.Build.0 = Debug|Any CPU
		{DFF28B0B-1727-4DA0-9DD7-BE644D879B45}.Release|Any CPU.ActiveCfg = Release|Any CPU
		{DFF28B0B-1727-4DA0-9DD7-BE644D879B45}.Release|Any CPU.Build.0 = Release|Any CPU
		{DFF28B0B-1727-4DA0-9DD7-BE644D879B45}.Release|x64.ActiveCfg = Release|Any CPU
		{DFF28B0B-1727-4DA0-9DD7-BE644D879B45}.Release|x64.Build.0 = Release|Any CPU
		{DFF28B0B-1727-4DA0-9DD7-BE644D879B45}.Release|x86.ActiveCfg = Release|Any CPU
		{DFF28B0B-1727-4DA0-9DD7-BE644D879B45}.Release|x86.Build.0 = Release|Any CPU
		{B9ED2204-98E7-4793-A701-53FC56045DB7}.Debug|Any CPU.ActiveCfg = Debug|Any CPU
		{B9ED2204-98E7-4793-A701-53FC56045DB7}.Debug|Any CPU.Build.0 = Debug|Any CPU
		{B9ED2204-98E7-4793-A701-53FC56045DB7}.Debug|x64.ActiveCfg = Debug|Any CPU
		{B9ED2204-98E7-4793-A701-53FC56045DB7}.Debug|x64.Build.0 = Debug|Any CPU
		{B9ED2204-98E7-4793-A701-53FC56045DB7}.Debug|x86.ActiveCfg = Debug|Any CPU
		{B9ED2204-98E7-4793-A701-53FC56045DB7}.Debug|x86.Build.0 = Debug|Any CPU
		{B9ED2204-98E7-4793-A701-53FC56045DB7}.Release|Any CPU.ActiveCfg = Release|Any CPU
		{B9ED2204-98E7-4793-A701-53FC56045DB7}.Release|Any CPU.Build.0 = Release|Any CPU
		{B9ED2204-98E7-4793-A701-53FC56045DB7}.Release|x64.ActiveCfg = Release|Any CPU
		{B9ED2204-98E7-4793-A701-53FC56045DB7}.Release|x64.Build.0 = Release|Any CPU
		{B9ED2204-98E7-4793-A701-53FC56045DB7}.Release|x86.ActiveCfg = Release|Any CPU
		{B9ED2204-98E7-4793-A701-53FC56045DB7}.Release|x86.Build.0 = Release|Any CPU
		{B61462E9-795C-41D4-91E2-0ABB841F8AD6}.Debug|Any CPU.ActiveCfg = Debug|Any CPU
		{B61462E9-795C-41D4-91E2-0ABB841F8AD6}.Debug|Any CPU.Build.0 = Debug|Any CPU
		{B61462E9-795C-41D4-91E2-0ABB841F8AD6}.Debug|x64.ActiveCfg = Debug|Any CPU
		{B61462E9-795C-41D4-91E2-0ABB841F8AD6}.Debug|x64.Build.0 = Debug|Any CPU
		{B61462E9-795C-41D4-91E2-0ABB841F8AD6}.Debug|x86.ActiveCfg = Debug|Any CPU
		{B61462E9-795C-41D4-91E2-0ABB841F8AD6}.Debug|x86.Build.0 = Debug|Any CPU
		{B61462E9-795C-41D4-91E2-0ABB841F8AD6}.Release|Any CPU.ActiveCfg = Release|Any CPU
		{B61462E9-795C-41D4-91E2-0ABB841F8AD6}.Release|Any CPU.Build.0 = Release|Any CPU
		{B61462E9-795C-41D4-91E2-0ABB841F8AD6}.Release|x64.ActiveCfg = Release|Any CPU
		{B61462E9-795C-41D4-91E2-0ABB841F8AD6}.Release|x64.Build.0 = Release|Any CPU
		{B61462E9-795C-41D4-91E2-0ABB841F8AD6}.Release|x86.ActiveCfg = Release|Any CPU
		{B61462E9-795C-41D4-91E2-0ABB841F8AD6}.Release|x86.Build.0 = Release|Any CPU
		{98BB4BFC-CF2B-42FD-A738-F609B79BF84E}.Debug|Any CPU.ActiveCfg = Debug|Any CPU
		{98BB4BFC-CF2B-42FD-A738-F609B79BF84E}.Debug|Any CPU.Build.0 = Debug|Any CPU
		{98BB4BFC-CF2B-42FD-A738-F609B79BF84E}.Debug|x64.ActiveCfg = Debug|Any CPU
		{98BB4BFC-CF2B-42FD-A738-F609B79BF84E}.Debug|x64.Build.0 = Debug|Any CPU
		{98BB4BFC-CF2B-42FD-A738-F609B79BF84E}.Debug|x86.ActiveCfg = Debug|Any CPU
		{98BB4BFC-CF2B-42FD-A738-F609B79BF84E}.Debug|x86.Build.0 = Debug|Any CPU
		{98BB4BFC-CF2B-42FD-A738-F609B79BF84E}.Release|Any CPU.ActiveCfg = Release|Any CPU
		{98BB4BFC-CF2B-42FD-A738-F609B79BF84E}.Release|Any CPU.Build.0 = Release|Any CPU
		{98BB4BFC-CF2B-42FD-A738-F609B79BF84E}.Release|x64.ActiveCfg = Release|Any CPU
		{98BB4BFC-CF2B-42FD-A738-F609B79BF84E}.Release|x64.Build.0 = Release|Any CPU
		{98BB4BFC-CF2B-42FD-A738-F609B79BF84E}.Release|x86.ActiveCfg = Release|Any CPU
		{98BB4BFC-CF2B-42FD-A738-F609B79BF84E}.Release|x86.Build.0 = Release|Any CPU
	EndGlobalSection
	GlobalSection(SolutionProperties) = preSolution
		HideSolutionNode = FALSE
	EndGlobalSection
	GlobalSection(NestedProjects) = preSolution
		{816F6324-3311-4BEE-8365-642F448CC2ED} = {984BB9B3-3FA3-BE33-9484-CAC21695A33C}
		{DFF28B0B-1727-4DA0-9DD7-BE644D879B45} = {984BB9B3-3FA3-BE33-9484-CAC21695A33C}
		{B9ED2204-98E7-4793-A701-53FC56045DB7} = {22BAF98C-8415-17C4-B26A-D537657BC863}
		{B61462E9-795C-41D4-91E2-0ABB841F8AD6} = {8B290487-4C16-E85E-E807-F579CBE9FC4D}
		{98BB4BFC-CF2B-42FD-A738-F609B79BF84E} = {15879CB8-7A3F-14CE-5390-BDD4BAA5791B}
	EndGlobalSection
	GlobalSection(ExtensibilityGlobals) = postSolution
		SolutionGuid = {96AA45B6-8163-40F8-B024-246EB27C342A}
	EndGlobalSection
EndGlobal
